
Microsoft Visual Studio Solution File, Format Version 12.00
# Visual Studio Version 16
VisualStudioVersion = 16.0.31613.86
MinimumVisualStudioVersion = 10.0.40219.1
Project("{8BC9CEB8-8B4A-11D0-8D11-00A0C91BC942}") = "ProyectoFinalProgramacion1", "ProyectoFinalProgramacion1.vcxproj", "{73675281-B3EE-4AE5-B6C2-DDF1A337DAED}"
EndProject
Global
	GlobalSection(SolutionConfigurationPlatforms) = preSolution
		Debug|x64 = Debug|x64
		Debug|x86 = Debug|x86
		Release|x64 = Release|x64
		Release|x86 = Release|x86
	EndGlobalSection
	GlobalSection(ProjectConfigurationPlatforms) = postSolution
		{73675281-B3EE-4AE5-B6C2-DDF1A337DAED}.Debug|x64.ActiveCfg = Debug|x64
		{73675281-B3EE-4AE5-B6C2-DDF1A337DAED}.Debug|x64.Build.0 = Debug|x64
		{73675281-B3EE-4AE5-B6C2-DDF1A337DAED}.Debug|x86.ActiveCfg = Debug|Win32
		{73675281-B3EE-4AE5-B6C2-DDF1A337DAED}.Debug|x86.Build.0 = Debug|Win32
		{73675281-B3EE-4AE5-B6C2-DDF1A337DAED}.Release|x64.ActiveCfg = Release|x64
		{73675281-B3EE-4AE5-B6C2-DDF1A337DAED}.Release|x64.Build.0 = Release|x64
		{73675281-B3EE-4AE5-B6C2-DDF1A337DAED}.Release|x86.ActiveCfg = Release|Win32
		{73675281-B3EE-4AE5-B6C2-DDF1A337DAED}.Release|x86.Build.0 = Release|Win32
	EndGlobalSection
	GlobalSection(SolutionProperties) = preSolution
		HideSolutionNode = FALSE
	EndGlobalSection
	GlobalSection(ExtensibilityGlobals) = postSolution
		SolutionGuid = {F01675D2-4765-4ADB-84FD-3AC70413F791}
	EndGlobalSection
EndGlobal
